// !$*UTF8*$!
{
	archiveVersion = 1;
	classes = {
	};
	objectVersion = 46;
	objects = {

/* Begin PBXBuildFile section */
		796E6E8E1F2F0CD60035264A /* main.m in Sources */ = {isa = PBXBuildFile; fileRef = 796E6E8D1F2F0CD60035264A /* main.m */; };
		796E6E911F2F0CD60035264A /* AppDelegate.m in Sources */ = {isa = PBXBuildFile; fileRef = 796E6E901F2F0CD60035264A /* AppDelegate.m */; };
		796E6E941F2F0CD60035264A /* ViewController.m in Sources */ = {isa = PBXBuildFile; fileRef = 796E6E931F2F0CD60035264A /* ViewController.m */; };
		796E6E971F2F0CD60035264A /* Main.storyboard in Resources */ = {isa = PBXBuildFile; fileRef = 796E6E951F2F0CD60035264A /* Main.storyboard */; };
		796E6E991F2F0CD60035264A /* Assets.xcassets in Resources */ = {isa = PBXBuildFile; fileRef = 796E6E981F2F0CD60035264A /* Assets.xcassets */; };
		796E6E9C1F2F0CD60035264A /* LaunchScreen.storyboard in Resources */ = {isa = PBXBuildFile; fileRef = 796E6E9A1F2F0CD60035264A /* LaunchScreen.storyboard */; };
		EC7FAFC3C1C901BD9A72733C /* Pods_SampleObjectiveC.framework in Frameworks */ = {isa = PBXBuildFile; fileRef = ED8D59549283ABD31CCF74B9 /* Pods_SampleObjectiveC.framework */; };
/* End PBXBuildFile section */

/* Begin PBXFileReference section */
		1FAB8E7D5B33A54D650DDEB4 /* Pods-SampleObjectiveC.release.xcconfig */ = {isa = PBXFileReference; includeInIndex = 1; lastKnownFileType = text.xcconfig; name = "Pods-SampleObjectiveC.release.xcconfig"; path = "Pods/Target Support Files/Pods-SampleObjectiveC/Pods-SampleObjectiveC.release.xcconfig"; sourceTree = "<group>"; };
		796E6E891F2F0CD60035264A /* SampleObjectiveC.app */ = {isa = PBXFileReference; explicitFileType = wrapper.application; includeInIndex = 0; path = SampleObjectiveC.app; sourceTree = BUILT_PRODUCTS_DIR; };
		796E6E8D1F2F0CD60035264A /* main.m */ = {isa = PBXFileReference; lastKnownFileType = sourcecode.c.objc; path = main.m; sourceTree = "<group>"; };
		796E6E8F1F2F0CD60035264A /* AppDelegate.h */ = {isa = PBXFileReference; lastKnownFileType = sourcecode.c.h; path = AppDelegate.h; sourceTree = "<group>"; };
		796E6E901F2F0CD60035264A /* AppDelegate.m */ = {isa = PBXFileReference; lastKnownFileType = sourcecode.c.objc; path = AppDelegate.m; sourceTree = "<group>"; };
		796E6E921F2F0CD60035264A /* ViewController.h */ = {isa = PBXFileReference; lastKnownFileType = sourcecode.c.h; path = ViewController.h; sourceTree = "<group>"; };
		796E6E931F2F0CD60035264A /* ViewController.m */ = {isa = PBXFileReference; lastKnownFileType = sourcecode.c.objc; path = ViewController.m; sourceTree = "<group>"; };
		796E6E961F2F0CD60035264A /* Base */ = {isa = PBXFileReference; lastKnownFileType = file.storyboard; name = Base; path = Base.lproj/Main.storyboard; sourceTree = "<group>"; };
		796E6E981F2F0CD60035264A /* Assets.xcassets */ = {isa = PBXFileReference; lastKnownFileType = folder.assetcatalog; path = Assets.xcassets; sourceTree = "<group>"; };
		796E6E9B1F2F0CD60035264A /* Base */ = {isa = PBXFileReference; lastKnownFileType = file.storyboard; name = Base; path = Base.lproj/LaunchScreen.storyboard; sourceTree = "<group>"; };
		796E6E9D1F2F0CD60035264A /* Info.plist */ = {isa = PBXFileReference; lastKnownFileType = text.plist.xml; path = Info.plist; sourceTree = "<group>"; };
		95C4B8717FBAA53E97885B32 /* Pods-SampleObjectiveC.debug.xcconfig */ = {isa = PBXFileReference; includeInIndex = 1; lastKnownFileType = text.xcconfig; name = "Pods-SampleObjectiveC.debug.xcconfig"; path = "Pods/Target Support Files/Pods-SampleObjectiveC/Pods-SampleObjectiveC.debug.xcconfig"; sourceTree = "<group>"; };
		ED8D59549283ABD31CCF74B9 /* Pods_SampleObjectiveC.framework */ = {isa = PBXFileReference; explicitFileType = wrapper.framework; includeInIndex = 0; path = Pods_SampleObjectiveC.framework; sourceTree = BUILT_PRODUCTS_DIR; };
/* End PBXFileReference section */

/* Begin PBXFrameworksBuildPhase section */
		796E6E861F2F0CD60035264A /* Frameworks */ = {
			isa = PBXFrameworksBuildPhase;
			buildActionMask = 2147483647;
			files = (
				EC7FAFC3C1C901BD9A72733C /* Pods_SampleObjectiveC.framework in Frameworks */,
			);
			runOnlyForDeploymentPostprocessing = 0;
		};
/* End PBXFrameworksBuildPhase section */

/* Begin PBXGroup section */
		78150D605F9F80109EFFC225 /* Frameworks */ = {
			isa = PBXGroup;
			children = (
				ED8D59549283ABD31CCF74B9 /* Pods_SampleObjectiveC.framework */,
			);
			name = Frameworks;
			sourceTree = "<group>";
		};
		796E6E801F2F0CD60035264A = {
			isa = PBXGroup;
			children = (
				796E6E8B1F2F0CD60035264A /* SampleObjectiveC */,
				796E6E8A1F2F0CD60035264A /* Products */,
				85DB2ADD0A8992356F0BBC18 /* Pods */,
				78150D605F9F80109EFFC225 /* Frameworks */,
			);
			sourceTree = "<group>";
		};
		796E6E8A1F2F0CD60035264A /* Products */ = {
			isa = PBXGroup;
			children = (
				796E6E891F2F0CD60035264A /* SampleObjectiveC.app */,
			);
			name = Products;
			sourceTree = "<group>";
		};
		796E6E8B1F2F0CD60035264A /* SampleObjectiveC */ = {
			isa = PBXGroup;
			children = (
				796E6E8F1F2F0CD60035264A /* AppDelegate.h */,
				796E6E901F2F0CD60035264A /* AppDelegate.m */,
				796E6E921F2F0CD60035264A /* ViewController.h */,
				796E6E931F2F0CD60035264A /* ViewController.m */,
				796E6E951F2F0CD60035264A /* Main.storyboard */,
				796E6E981F2F0CD60035264A /* Assets.xcassets */,
				796E6E9A1F2F0CD60035264A /* LaunchScreen.storyboard */,
				796E6E9D1F2F0CD60035264A /* Info.plist */,
				796E6E8C1F2F0CD60035264A /* Supporting Files */,
			);
			path = SampleObjectiveC;
			sourceTree = "<group>";
		};
		796E6E8C1F2F0CD60035264A /* Supporting Files */ = {
			isa = PBXGroup;
			children = (
				796E6E8D1F2F0CD60035264A /* main.m */,
			);
			name = "Supporting Files";
			sourceTree = "<group>";
		};
		85DB2ADD0A8992356F0BBC18 /* Pods */ = {
			isa = PBXGroup;
			children = (
				95C4B8717FBAA53E97885B32 /* Pods-SampleObjectiveC.debug.xcconfig */,
				1FAB8E7D5B33A54D650DDEB4 /* Pods-SampleObjectiveC.release.xcconfig */,
			);
			name = Pods;
			sourceTree = "<group>";
		};
/* End PBXGroup section */

/* Begin PBXNativeTarget section */
		796E6E881F2F0CD60035264A /* SampleObjectiveC */ = {
			isa = PBXNativeTarget;
			buildConfigurationList = 796E6EA01F2F0CD60035264A /* Build configuration list for PBXNativeTarget "SampleObjectiveC" */;
			buildPhases = (
				5801685CAB3CE200CA6F8320 /* [CP] Check Pods Manifest.lock */,
				796E6E851F2F0CD60035264A /* Sources */,
				796E6E861F2F0CD60035264A /* Frameworks */,
				796E6E871F2F0CD60035264A /* Resources */,
				B988FB770BC48F8F129D9633 /* [CP] Embed Pods Frameworks */,
				887CFB9FFB0294E768E64E8B /* [CP] Copy Pods Resources */,
			);
			buildRules = (
			);
			dependencies = (
			);
			name = SampleObjectiveC;
			productName = SampleObjectiveC;
			productReference = 796E6E891F2F0CD60035264A /* SampleObjectiveC.app */;
			productType = "com.apple.product-type.application";
		};
/* End PBXNativeTarget section */

/* Begin PBXProject section */
		796E6E811F2F0CD60035264A /* Project object */ = {
			isa = PBXProject;
			attributes = {
				LastUpgradeCheck = 0900;
				ORGANIZATIONNAME = ichise;
				TargetAttributes = {
					796E6E881F2F0CD60035264A = {
						CreatedOnToolsVersion = 8.3.3;
						LastSwiftMigration = 0830;
						ProvisioningStyle = Automatic;
					};
				};
			};
			buildConfigurationList = 796E6E841F2F0CD60035264A /* Build configuration list for PBXProject "SampleObjectiveC" */;
			compatibilityVersion = "Xcode 3.2";
			developmentRegion = English;
			hasScannedForEncodings = 0;
			knownRegions = (
				en,
				Base,
			);
			mainGroup = 796E6E801F2F0CD60035264A;
			productRefGroup = 796E6E8A1F2F0CD60035264A /* Products */;
			projectDirPath = "";
			projectRoot = "";
			targets = (
				796E6E881F2F0CD60035264A /* SampleObjectiveC */,
			);
		};
/* End PBXProject section */

/* Begin PBXResourcesBuildPhase section */
		796E6E871F2F0CD60035264A /* Resources */ = {
			isa = PBXResourcesBuildPhase;
			buildActionMask = 2147483647;
			files = (
				796E6E9C1F2F0CD60035264A /* LaunchScreen.storyboard in Resources */,
				796E6E991F2F0CD60035264A /* Assets.xcassets in Resources */,
				796E6E971F2F0CD60035264A /* Main.storyboard in Resources */,
			);
			runOnlyForDeploymentPostprocessing = 0;
		};
/* End PBXResourcesBuildPhase section */

/* Begin PBXShellScriptBuildPhase section */
		5801685CAB3CE200CA6F8320 /* [CP] Check Pods Manifest.lock */ = {
			isa = PBXShellScriptBuildPhase;
			buildActionMask = 2147483647;
			files = (
			);
			inputPaths = (
				"${PODS_PODFILE_DIR_PATH}/Podfile.lock",
				"${PODS_ROOT}/Manifest.lock",
			);
			name = "[CP] Check Pods Manifest.lock";
			outputPaths = (
				"$(DERIVED_FILE_DIR)/Pods-SampleObjectiveC-checkManifestLockResult.txt",
			);
			runOnlyForDeploymentPostprocessing = 0;
			shellPath = /bin/sh;
			shellScript = "diff \"${PODS_PODFILE_DIR_PATH}/Podfile.lock\" \"${PODS_ROOT}/Manifest.lock\" > /dev/null\nif [ $? != 0 ] ; then\n    # print error to STDERR\n    echo \"error: The sandbox is not in sync with the Podfile.lock. Run 'pod install' or update your CocoaPods installation.\" >&2\n    exit 1\nfi\n# This output is used by Xcode 'outputs' to avoid re-running this script phase.\necho \"SUCCESS\" > \"${SCRIPT_OUTPUT_FILE_0}\"\n";
			showEnvVarsInLog = 0;
		};
		887CFB9FFB0294E768E64E8B /* [CP] Copy Pods Resources */ = {
			isa = PBXShellScriptBuildPhase;
			buildActionMask = 2147483647;
			files = (
			);
			inputPaths = (
			);
			name = "[CP] Copy Pods Resources";
			outputPaths = (
			);
			runOnlyForDeploymentPostprocessing = 0;
			shellPath = /bin/sh;
			shellScript = "\"${SRCROOT}/Pods/Target Support Files/Pods-SampleObjectiveC/Pods-SampleObjectiveC-resources.sh\"\n";
			showEnvVarsInLog = 0;
		};
		B988FB770BC48F8F129D9633 /* [CP] Embed Pods Frameworks */ = {
			isa = PBXShellScriptBuildPhase;
			buildActionMask = 2147483647;
			files = (
			);
			inputPaths = (
				"${SRCROOT}/Pods/Target Support Files/Pods-SampleObjectiveC/Pods-SampleObjectiveC-frameworks.sh",
				"${BUILT_PRODUCTS_DIR}/PopOverMenu/PopOverMenu.framework",
			);
			name = "[CP] Embed Pods Frameworks";
			outputPaths = (
				"${TARGET_BUILD_DIR}/${FRAMEWORKS_FOLDER_PATH}/PopOverMenu.framework",
			);
			runOnlyForDeploymentPostprocessing = 0;
			shellPath = /bin/sh;
			shellScript = "\"${SRCROOT}/Pods/Target Support Files/Pods-SampleObjectiveC/Pods-SampleObjectiveC-frameworks.sh\"\n";
			showEnvVarsInLog = 0;
		};
/* End PBXShellScriptBuildPhase section */

/* Begin PBXSourcesBuildPhase section */
		796E6E851F2F0CD60035264A /* Sources */ = {
			isa = PBXSourcesBuildPhase;
			buildActionMask = 2147483647;
			files = (
				796E6E941F2F0CD60035264A /* ViewController.m in Sources */,
				796E6E911F2F0CD60035264A /* AppDelegate.m in Sources */,
				796E6E8E1F2F0CD60035264A /* main.m in Sources */,
			);
			runOnlyForDeploymentPostprocessing = 0;
		};
/* End PBXSourcesBuildPhase section */

/* Begin PBXVariantGroup section */
		796E6E951F2F0CD60035264A /* Main.storyboard */ = {
			isa = PBXVariantGroup;
			children = (
				796E6E961F2F0CD60035264A /* Base */,
			);
			name = Main.storyboard;
			sourceTree = "<group>";
		};
		796E6E9A1F2F0CD60035264A /* LaunchScreen.storyboard */ = {
			isa = PBXVariantGroup;
			children = (
				796E6E9B1F2F0CD60035264A /* Base */,
			);
			name = LaunchScreen.storyboard;
			sourceTree = "<group>";
		};
/* End PBXVariantGroup section */

/* Begin XCBuildConfiguration section */
		796E6E9E1F2F0CD60035264A /* Debug */ = {
			isa = XCBuildConfiguration;
			buildSettings = {
				ALWAYS_SEARCH_USER_PATHS = NO;
				CLANG_ANALYZER_NONNULL = YES;
				CLANG_ANALYZER_NUMBER_OBJECT_CONVERSION = YES_AGGRESSIVE;
				CLANG_CXX_LANGUAGE_STANDARD = "gnu++0x";
				CLANG_CXX_LIBRARY = "libc++";
				CLANG_ENABLE_MODULES = YES;
				CLANG_ENABLE_OBJC_ARC = YES;
				CLANG_WARN_BLOCK_CAPTURE_AUTORELEASING = YES;
				CLANG_WARN_BOOL_CONVERSION = YES;
				CLANG_WARN_COMMA = YES;
				CLANG_WARN_CONSTANT_CONVERSION = YES;
				CLANG_WARN_DIRECT_OBJC_ISA_USAGE = YES_ERROR;
				CLANG_WARN_DOCUMENTATION_COMMENTS = YES;
				CLANG_WARN_EMPTY_BODY = YES;
				CLANG_WARN_ENUM_CONVERSION = YES;
				CLANG_WARN_INFINITE_RECURSION = YES;
				CLANG_WARN_INT_CONVERSION = YES;
				CLANG_WARN_NON_LITERAL_NULL_CONVERSION = YES;
				CLANG_WARN_OBJC_LITERAL_CONVERSION = YES;
				CLANG_WARN_OBJC_ROOT_CLASS = YES_ERROR;
				CLANG_WARN_RANGE_LOOP_ANALYSIS = YES;
				CLANG_WARN_STRICT_PROTOTYPES = YES;
				CLANG_WARN_SUSPICIOUS_MOVE = YES;
				CLANG_WARN_UNREACHABLE_CODE = YES;
				CLANG_WARN__DUPLICATE_METHOD_MATCH = YES;
				"CODE_SIGN_IDENTITY[sdk=iphoneos*]" = "iPhone Developer";
				COPY_PHASE_STRIP = NO;
				DEBUG_INFORMATION_FORMAT = dwarf;
				ENABLE_STRICT_OBJC_MSGSEND = YES;
				ENABLE_TESTABILITY = YES;
				GCC_C_LANGUAGE_STANDARD = gnu99;
				GCC_DYNAMIC_NO_PIC = NO;
				GCC_NO_COMMON_BLOCKS = YES;
				GCC_OPTIMIZATION_LEVEL = 0;
				GCC_PREPROCESSOR_DEFINITIONS = (
					"DEBUG=1",
					"$(inherited)",
				);
				GCC_WARN_64_TO_32_BIT_CONVERSION = YES;
				GCC_WARN_ABOUT_RETURN_TYPE = YES_ERROR;
				GCC_WARN_UNDECLARED_SELECTOR = YES;
				GCC_WARN_UNINITIALIZED_AUTOS = YES_AGGRESSIVE;
				GCC_WARN_UNUSED_FUNCTION = YES;
				GCC_WARN_UNUSED_VARIABLE = YES;
				IPHONEOS_DEPLOYMENT_TARGET = 10.3;
				MTL_ENABLE_DEBUG_INFO = YES;
				ONLY_ACTIVE_ARCH = YES;
				SDKROOT = iphoneos;
			};
			name = Debug;
		};
		796E6E9F1F2F0CD60035264A /* Release */ = {
			isa = XCBuildConfiguration;
			buildSettings = {
				ALWAYS_SEARCH_USER_PATHS = NO;
				CLANG_ANALYZER_NONNULL = YES;
				CLANG_ANALYZER_NUMBER_OBJECT_CONVERSION = YES_AGGRESSIVE;
				CLANG_CXX_LANGUAGE_STANDARD = "gnu++0x";
				CLANG_CXX_LIBRARY = "libc++";
				CLANG_ENABLE_MODULES = YES;
				CLANG_ENABLE_OBJC_ARC = YES;
				CLANG_WARN_BLOCK_CAPTURE_AUTORELEASING = YES;
				CLANG_WARN_BOOL_CONVERSION = YES;
				CLANG_WARN_COMMA = YES;
				CLANG_WARN_CONSTANT_CONVERSION = YES;
				CLANG_WARN_DIRECT_OBJC_ISA_USAGE = YES_ERROR;
				CLANG_WARN_DOCUMENTATION_COMMENTS = YES;
				CLANG_WARN_EMPTY_BODY = YES;
				CLANG_WARN_ENUM_CONVERSION = YES;
				CLANG_WARN_INFINITE_RECURSION = YES;
				CLANG_WARN_INT_CONVERSION = YES;
				CLANG_WARN_NON_LITERAL_NULL_CONVERSION = YES;
				CLANG_WARN_OBJC_LITERAL_CONVERSION = YES;
				CLANG_WARN_OBJC_ROOT_CLASS = YES_ERROR;
				CLANG_WARN_RANGE_LOOP_ANALYSIS = YES;
				CLANG_WARN_STRICT_PROTOTYPES = YES;
				CLANG_WARN_SUSPICIOUS_MOVE = YES;
				CLANG_WARN_UNREACHABLE_CODE = YES;
				CLANG_WARN__DUPLICATE_METHOD_MATCH = YES;
				"CODE_SIGN_IDENTITY[sdk=iphoneos*]" = "iPhone Developer";
				COPY_PHASE_STRIP = NO;
				DEBUG_INFORMATION_FORMAT = "dwarf-with-dsym";
				ENABLE_NS_ASSERTIONS = NO;
				ENABLE_STRICT_OBJC_MSGSEND = YES;
				GCC_C_LANGUAGE_STANDARD = gnu99;
				GCC_NO_COMMON_BLOCKS = YES;
				GCC_WARN_64_TO_32_BIT_CONVERSION = YES;
				GCC_WARN_ABOUT_RETURN_TYPE = YES_ERROR;
				GCC_WARN_UNDECLARED_SELECTOR = YES;
				GCC_WARN_UNINITIALIZED_AUTOS = YES_AGGRESSIVE;
				GCC_WARN_UNUSED_FUNCTION = YES;
				GCC_WARN_UNUSED_VARIABLE = YES;
				IPHONEOS_DEPLOYMENT_TARGET = 10.3;
				MTL_ENABLE_DEBUG_INFO = NO;
				SDKROOT = iphoneos;
				VALIDATE_PRODUCT = YES;
			};
			name = Release;
		};
		796E6EA11F2F0CD60035264A /* Debug */ = {
			isa = XCBuildConfiguration;
			baseConfigurationReference = 95C4B8717FBAA53E97885B32 /* Pods-SampleObjectiveC.debug.xcconfig */;
			buildSettings = {
				ASSETCATALOG_COMPILER_APPICON_NAME = AppIcon;
				INFOPLIST_FILE = SampleObjectiveC/Info.plist;
				LD_RUNPATH_SEARCH_PATHS = "$(inherited) @executable_path/Frameworks";
				PRODUCT_BUNDLE_IDENTIFIER = test.SampleObjectiveC;
				PRODUCT_NAME = "$(TARGET_NAME)";
				SWIFT_VERSION = 4.0;
			};
			name = Debug;
		};
		796E6EA21F2F0CD60035264A /* Release */ = {
			isa = XCBuildConfiguration;
			baseConfigurationReference = 1FAB8E7D5B33A54D650DDEB4 /* Pods-SampleObjectiveC.release.xcconfig */;
			buildSettings = {
				ASSETCATALOG_COMPILER_APPICON_NAME = AppIcon;
				INFOPLIST_FILE = SampleObjectiveC/Info.plist;
				LD_RUNPATH_SEARCH_PATHS = "$(inherited) @executable_path/Frameworks";
				PRODUCT_BUNDLE_IDENTIFIER = test.SampleObjectiveC;
				PRODUCT_NAME = "$(TARGET_NAME)";
				SWIFT_VERSION = 4.0;
			};
			name = Release;
		};
/* End XCBuildConfiguration section */

/* Begin XCConfigurationList section */
		796E6E841F2F0CD60035264A /* Build configuration list for PBXProject "SampleObjectiveC" */ = {
			isa = XCConfigurationList;
			buildConfigurations = (
				796E6E9E1F2F0CD60035264A /* Debug */,
				796E6E9F1F2F0CD60035264A /* Release */,
			);
			defaultConfigurationIsVisible = 0;
			defaultConfigurationName = Release;
		};
		796E6EA01F2F0CD60035264A /* Build configuration list for PBXNativeTarget "SampleObjectiveC" */ = {
			isa = XCConfigurationList;
			buildConfigurations = (
				796E6EA11F2F0CD60035264A /* Debug */,
				796E6EA21F2F0CD60035264A /* Release */,
			);
			defaultConfigurationIsVisible = 0;
			defaultConfigurationName = Release;
		};
/* End XCConfigurationList section */
	};
	rootObject = 796E6E811F2F0CD60035264A /* Project object */;
}
